
Microsoft Visual Studio Solution File, Format Version 12.00
# Visual Studio Version 16
VisualStudioVersion = 16.0.29215.179
MinimumVisualStudioVersion = 10.0.40219.1
Project("{FAE04EC0-301F-11D3-BF4B-00C04F79EFBC}") = "PDFStamperBinder", "PDFStamperBinder\PDFStamperBinder.csproj", "{C4013FBF-4357-4580-9E6F-8EF23D5B04E4}"
EndProject
Global
	GlobalSection(SolutionConfigurationPlatforms) = preSolution
		Debug|Any CPU = Debug|Any CPU
		Release|Any CPU = Release|Any CPU
	EndGlobalSection
	GlobalSection(ProjectConfigurationPlatforms) = postSolution
		{C4013FBF-4357-4580-9E6F-8EF23D5B04E4}.Debug|Any CPU.ActiveCfg = Debug|Any CPU
		{C4013FBF-4357-4580-9E6F-8EF23D5B04E4}.Debug|Any CPU.Build.0 = Debug|Any CPU
		{C4013FBF-4357-4580-9E6F-8EF23D5B04E4}.Release|Any CPU.ActiveCfg = Release|Any CPU
		{C4013FBF-4357-4580-9E6F-8EF23D5B04E4}.Release|Any CPU.Build.0 = Release|Any CPU
	EndGlobalSection
	GlobalSection(SolutionProperties) = preSolution
		HideSolutionNode = FALSE
	EndGlobalSection
	GlobalSection(ExtensibilityGlobals) = postSolution
		SolutionGuid = {61B1CB35-11B3-4151-BAFC-0317DEB2F8D8}
	EndGlobalSection
EndGlobal
